
Microsoft Visual Studio Solution File, Format Version 12.00
# Visual Studio Version 17
VisualStudioVersion = 17.2.32519.379
MinimumVisualStudioVersion = 10.0.40219.1
Project("{FAE04EC0-301F-11D3-BF4B-00C04F79EFBC}") = "Chess.DesktopClient", "Chess.DesktopClient\Chess.DesktopClient.csproj", "{1E9EC5C1-77DE-49DA-958A-216ACEE9BC40}"
EndProject
Global
	GlobalSection(SolutionConfigurationPlatforms) = preSolution
		Debug|Any CPU = Debug|Any CPU
		Release|Any CPU = Release|Any CPU
	EndGlobalSection
	GlobalSection(ProjectConfigurationPlatforms) = postSolution
		{1E9EC5C1-77DE-49DA-958A-216ACEE9BC40}.Debug|Any CPU.ActiveCfg = Debug|Any CPU
		{1E9EC5C1-77DE-49DA-958A-216ACEE9BC40}.Debug|Any CPU.Build.0 = Debug|Any CPU
		{1E9EC5C1-77DE-49DA-958A-216ACEE9BC40}.Release|Any CPU.ActiveCfg = Release|Any CPU
		{1E9EC5C1-77DE-49DA-958A-216ACEE9BC40}.Release|Any CPU.Build.0 = Release|Any CPU
	EndGlobalSection
	GlobalSection(SolutionProperties) = preSolution
		HideSolutionNode = FALSE
	EndGlobalSection
	GlobalSection(ExtensibilityGlobals) = postSolution
		SolutionGuid = {8E8A12C7-45FB-487A-AF18-B19CAEF1A2DA}
	EndGlobalSection
EndGlobal
